// !$*UTF8*$!
{
	archiveVersion = 1;
	classes = {
	};
	objectVersion = 77;
	objects = {

/* Begin PBXBuildFile section */
		4DC652C82DC48F6C00647786 /* FontAwesome in Frameworks */ = {isa = PBXBuildFile; productRef = 4DC652C72DC48F6C00647786 /* FontAwesome */; };
		4DC652CA2DC48F6C00647786 /* tools in Frameworks */ = {isa = PBXBuildFile; productRef = 4DC652C92DC48F6C00647786 /* tools */; };
		DF2C69222D9E3DA8006B738D /* BraintreeApplePay in Frameworks */ = {isa = PBXBuildFile; productRef = DF2C69212D9E3DA8006B738D /* BraintreeApplePay */; };
		DF2C69242D9E3DA8006B738D /* BraintreePayPal in Frameworks */ = {isa = PBXBuildFile; productRef = DF2C69232D9E3DA8006B738D /* BraintreePayPal */; };
		DF2C69282D9E52D4006B738D /* BraintreeVenmo in Frameworks */ = {isa = PBXBuildFile; productRef = DF2C69272D9E52D4006B738D /* BraintreeVenmo */; };
		DF2C692A2D9E543D006B738D /* BraintreeCore in Frameworks */ = {isa = PBXBuildFile; productRef = DF2C69292D9E543D006B738D /* BraintreeCore */; };
		DF2C692C2D9E5915006B738D /* BraintreeDataCollector in Frameworks */ = {isa = PBXBuildFile; productRef = DF2C692B2D9E5915006B738D /* BraintreeDataCollector */; };
		DF2C695E2D9ED959006B738D /* BraintreeAmericanExpress in Frameworks */ = {isa = PBXBuildFile; productRef = DF2C695D2D9ED959006B738D /* BraintreeAmericanExpress */; };
		DF2C69602D9ED959006B738D /* BraintreeCard in Frameworks */ = {isa = PBXBuildFile; productRef = DF2C695F2D9ED959006B738D /* BraintreeCard */; };
		DF3D08BC2D9B7BF500674B8E /* FirebaseCore in Frameworks */ = {isa = PBXBuildFile; productRef = DF3D08BB2D9B7BF500674B8E /* FirebaseCore */; };
		DF3D08BE2D9B7BF500674B8E /* FirebaseFirestore in Frameworks */ = {isa = PBXBuildFile; productRef = DF3D08BD2D9B7BF500674B8E /* FirebaseFirestore */; };
		DF3D08C02D9B7BF500674B8E /* FirebaseStorage in Frameworks */ = {isa = PBXBuildFile; productRef = DF3D08BF2D9B7BF500674B8E /* FirebaseStorage */; };
		DF3D08C22D9B88D600674B8E /* FirebaseDatabase in Frameworks */ = {isa = PBXBuildFile; productRef = DF3D08C12D9B88D600674B8E /* FirebaseDatabase */; };
		DF3D08C42D9B9EB900674B8E /* FirebaseAuth in Frameworks */ = {isa = PBXBuildFile; productRef = DF3D08C32D9B9EB900674B8E /* FirebaseAuth */; };
		DF3D08C72D9BA0E000674B8E /* GoogleSignIn in Frameworks */ = {isa = PBXBuildFile; productRef = DF3D08C62D9BA0E000674B8E /* GoogleSignIn */; };
		DF3D08C92D9BA0E000674B8E /* GoogleSignInSwift in Frameworks */ = {isa = PBXBuildFile; productRef = DF3D08C82D9BA0E000674B8E /* GoogleSignInSwift */; };
		DF6B9A492DADAE7200C228A2 /* SDWebImageSwiftUI in Frameworks */ = {isa = PBXBuildFile; productRef = DF6B9A482DADAE7200C228A2 /* SDWebImageSwiftUI */; };
		DFB17B7B2D99ADD700EC3168 /* FeedKit in Frameworks */ = {isa = PBXBuildFile; productRef = DFB17B7A2D99ADD700EC3168 /* FeedKit */; };
/* End PBXBuildFile section */

/* Begin PBXContainerItemProxy section */
		DFFD0B1A2D97B84200202596 /* PBXContainerItemProxy */ = {
			isa = PBXContainerItemProxy;
			containerPortal = DFFD0B002D97B84100202596 /* Project object */;
			proxyType = 1;
			remoteGlobalIDString = DFFD0B072D97B84100202596;
			remoteInfo = BlackAppIOS;
		};
		DFFD0B242D97B84200202596 /* PBXContainerItemProxy */ = {
			isa = PBXContainerItemProxy;
			containerPortal = DFFD0B002D97B84100202596 /* Project object */;
			proxyType = 1;
			remoteGlobalIDString = DFFD0B072D97B84100202596;
			remoteInfo = BlackAppIOS;
		};
/* End PBXContainerItemProxy section */

/* Begin PBXFileReference section */
		DFFD0B082D97B84100202596 /* BlackAppIOS.app */ = {isa = PBXFileReference; explicitFileType = wrapper.application; includeInIndex = 0; path = BlackAppIOS.app; sourceTree = BUILT_PRODUCTS_DIR; };
		DFFD0B192D97B84200202596 /* BlackAppIOSTests.xctest */ = {isa = PBXFileReference; explicitFileType = wrapper.cfbundle; includeInIndex = 0; path = BlackAppIOSTests.xctest; sourceTree = BUILT_PRODUCTS_DIR; };
		DFFD0B232D97B84200202596 /* BlackAppIOSUITests.xctest */ = {isa = PBXFileReference; explicitFileType = wrapper.cfbundle; includeInIndex = 0; path = BlackAppIOSUITests.xctest; sourceTree = BUILT_PRODUCTS_DIR; };
/* End PBXFileReference section */

/* Begin PBXFileSystemSynchronizedBuildFileExceptionSet section */
		DF3D08B72D9AF24C00674B8E /* Exceptions for "BlackAppIOS" folder in "BlackAppIOS" target */ = {
			isa = PBXFileSystemSynchronizedBuildFileExceptionSet;
			membershipExceptions = (
				Info.plist,
			);
			target = DFFD0B072D97B84100202596 /* BlackAppIOS */;
		};
/* End PBXFileSystemSynchronizedBuildFileExceptionSet section */

/* Begin PBXFileSystemSynchronizedRootGroup section */
		4D3A52472DCA4FE30092B17D /* Archive */ = {
			isa = PBXFileSystemSynchronizedRootGroup;
			path = Archive;
			sourceTree = "<group>";
		};
		DFFD0B0A2D97B84100202596 /* BlackAppIOS */ = {
			isa = PBXFileSystemSynchronizedRootGroup;
			exceptions = (
				DF3D08B72D9AF24C00674B8E /* Exceptions for "BlackAppIOS" folder in "BlackAppIOS" target */,
			);
			path = BlackAppIOS;
			sourceTree = "<group>";
		};
		DFFD0B1C2D97B84200202596 /* BlackAppIOSTests */ = {
			isa = PBXFileSystemSynchronizedRootGroup;
			path = BlackAppIOSTests;
			sourceTree = "<group>";
		};
		DFFD0B262D97B84200202596 /* BlackAppIOSUITests */ = {
			isa = PBXFileSystemSynchronizedRootGroup;
			path = BlackAppIOSUITests;
			sourceTree = "<group>";
		};
/* End PBXFileSystemSynchronizedRootGroup section */

/* Begin PBXFrameworksBuildPhase section */
		DFFD0B052D97B84100202596 /* Frameworks */ = {
			isa = PBXFrameworksBuildPhase;
			buildActionMask = 2147483647;
			files = (
				4DC652CA2DC48F6C00647786 /* tools in Frameworks */,
				DF2C69282D9E52D4006B738D /* BraintreeVenmo in Frameworks */,
				DF3D08C22D9B88D600674B8E /* FirebaseDatabase in Frameworks */,
				DF3D08C42D9B9EB900674B8E /* FirebaseAuth in Frameworks */,
				DF2C69242D9E3DA8006B738D /* BraintreePayPal in Frameworks */,
				DF6B9A492DADAE7200C228A2 /* SDWebImageSwiftUI in Frameworks */,
				DF2C695E2D9ED959006B738D /* BraintreeAmericanExpress in Frameworks */,
				DF3D08BC2D9B7BF500674B8E /* FirebaseCore in Frameworks */,
				DF3D08C92D9BA0E000674B8E /* GoogleSignInSwift in Frameworks */,
				DF2C692A2D9E543D006B738D /* BraintreeCore in Frameworks */,
				DF3D08C02D9B7BF500674B8E /* FirebaseStorage in Frameworks */,
				DF2C69602D9ED959006B738D /* BraintreeCard in Frameworks */,
				DFB17B7B2D99ADD700EC3168 /* FeedKit in Frameworks */,
				4DC652C82DC48F6C00647786 /* FontAwesome in Frameworks */,
				DF2C692C2D9E5915006B738D /* BraintreeDataCollector in Frameworks */,
				DF3D08BE2D9B7BF500674B8E /* FirebaseFirestore in Frameworks */,
				DF3D08C72D9BA0E000674B8E /* GoogleSignIn in Frameworks */,
				DF2C69222D9E3DA8006B738D /* BraintreeApplePay in Frameworks */,
			);
			runOnlyForDeploymentPostprocessing = 0;
		};
		DFFD0B162D97B84200202596 /* Frameworks */ = {
			isa = PBXFrameworksBuildPhase;
			buildActionMask = 2147483647;
			files = (
			);
			runOnlyForDeploymentPostprocessing = 0;
		};
		DFFD0B202D97B84200202596 /* Frameworks */ = {
			isa = PBXFrameworksBuildPhase;
			buildActionMask = 2147483647;
			files = (
			);
			runOnlyForDeploymentPostprocessing = 0;
		};
/* End PBXFrameworksBuildPhase section */

/* Begin PBXGroup section */
		DF2C69612D9EDF36006B738D /* Frameworks */ = {
			isa = PBXGroup;
			children = (
			);
			name = Frameworks;
			sourceTree = "<group>";
		};
		DFFD0AFF2D97B84100202596 = {
			isa = PBXGroup;
			children = (
				DFFD0B0A2D97B84100202596 /* BlackAppIOS */,
				DFFD0B1C2D97B84200202596 /* BlackAppIOSTests */,
				DFFD0B262D97B84200202596 /* BlackAppIOSUITests */,
				DF2C69612D9EDF36006B738D /* Frameworks */,
				DFFD0B092D97B84100202596 /* Products */,
				4D3A52472DCA4FE30092B17D /* Archive */,
			);
			sourceTree = "<group>";
		};
		DFFD0B092D97B84100202596 /* Products */ = {
			isa = PBXGroup;
			children = (
				DFFD0B082D97B84100202596 /* BlackAppIOS.app */,
				DFFD0B192D97B84200202596 /* BlackAppIOSTests.xctest */,
				DFFD0B232D97B84200202596 /* BlackAppIOSUITests.xctest */,
			);
			name = Products;
			sourceTree = "<group>";
		};
/* End PBXGroup section */

/* Begin PBXNativeTarget section */
		DFFD0B072D97B84100202596 /* BlackAppIOS */ = {
			isa = PBXNativeTarget;
			buildConfigurationList = DFFD0B2D2D97B84200202596 /* Build configuration list for PBXNativeTarget "BlackAppIOS" */;
			buildPhases = (
				DFFD0B042D97B84100202596 /* Sources */,
				DFFD0B052D97B84100202596 /* Frameworks */,
				DFFD0B062D97B84100202596 /* Resources */,
			);
			buildRules = (
			);
			dependencies = (
			);
			fileSystemSynchronizedGroups = (
				4D3A52472DCA4FE30092B17D /* Archive */,
				DFFD0B0A2D97B84100202596 /* BlackAppIOS */,
			);
			name = BlackAppIOS;
			packageProductDependencies = (
				DFB17B7A2D99ADD700EC3168 /* FeedKit */,
				DF3D08BB2D9B7BF500674B8E /* FirebaseCore */,
				DF3D08BD2D9B7BF500674B8E /* FirebaseFirestore */,
				DF3D08BF2D9B7BF500674B8E /* FirebaseStorage */,
				DF3D08C12D9B88D600674B8E /* FirebaseDatabase */,
				DF3D08C32D9B9EB900674B8E /* FirebaseAuth */,
				DF3D08C62D9BA0E000674B8E /* GoogleSignIn */,
				DF3D08C82D9BA0E000674B8E /* GoogleSignInSwift */,
				DF2C69212D9E3DA8006B738D /* BraintreeApplePay */,
				DF2C69232D9E3DA8006B738D /* BraintreePayPal */,
				DF2C69272D9E52D4006B738D /* BraintreeVenmo */,
				DF2C69292D9E543D006B738D /* BraintreeCore */,
				DF2C692B2D9E5915006B738D /* BraintreeDataCollector */,
				DF2C695D2D9ED959006B738D /* BraintreeAmericanExpress */,
				DF2C695F2D9ED959006B738D /* BraintreeCard */,
				DF6B9A482DADAE7200C228A2 /* SDWebImageSwiftUI */,
				4DC652C72DC48F6C00647786 /* FontAwesome */,
				4DC652C92DC48F6C00647786 /* tools */,
			);
			productName = BlackAppIOS;
			productReference = DFFD0B082D97B84100202596 /* BlackAppIOS.app */;
			productType = "com.apple.product-type.application";
		};
		DFFD0B182D97B84200202596 /* BlackAppIOSTests */ = {
			isa = PBXNativeTarget;
			buildConfigurationList = DFFD0B302D97B84200202596 /* Build configuration list for PBXNativeTarget "BlackAppIOSTests" */;
			buildPhases = (
				DFFD0B152D97B84200202596 /* Sources */,
				DFFD0B162D97B84200202596 /* Frameworks */,
				DFFD0B172D97B84200202596 /* Resources */,
			);
			buildRules = (
			);
			dependencies = (
				DFFD0B1B2D97B84200202596 /* PBXTargetDependency */,
			);
			fileSystemSynchronizedGroups = (
				DFFD0B1C2D97B84200202596 /* BlackAppIOSTests */,
			);
			name = BlackAppIOSTests;
			packageProductDependencies = (
			);
			productName = BlackAppIOSTests;
			productReference = DFFD0B192D97B84200202596 /* BlackAppIOSTests.xctest */;
			productType = "com.apple.product-type.bundle.unit-test";
		};
		DFFD0B222D97B84200202596 /* BlackAppIOSUITests */ = {
			isa = PBXNativeTarget;
			buildConfigurationList = DFFD0B332D97B84200202596 /* Build configuration list for PBXNativeTarget "BlackAppIOSUITests" */;
			buildPhases = (
				DFFD0B1F2D97B84200202596 /* Sources */,
				DFFD0B202D97B84200202596 /* Frameworks */,
				DFFD0B212D97B84200202596 /* Resources */,
			);
			buildRules = (
			);
			dependencies = (
				DFFD0B252D97B84200202596 /* PBXTargetDependency */,
			);
			fileSystemSynchronizedGroups = (
				DFFD0B262D97B84200202596 /* BlackAppIOSUITests */,
			);
			name = BlackAppIOSUITests;
			packageProductDependencies = (
			);
			productName = BlackAppIOSUITests;
			productReference = DFFD0B232D97B84200202596 /* BlackAppIOSUITests.xctest */;
			productType = "com.apple.product-type.bundle.ui-testing";
		};
/* End PBXNativeTarget section */

/* Begin PBXProject section */
		DFFD0B002D97B84100202596 /* Project object */ = {
			isa = PBXProject;
			attributes = {
				BuildIndependentTargetsInParallel = 1;
				LastSwiftUpdateCheck = 1620;
				LastUpgradeCheck = 1620;
				TargetAttributes = {
					DFFD0B072D97B84100202596 = {
						CreatedOnToolsVersion = 16.2;
					};
					DFFD0B182D97B84200202596 = {
						CreatedOnToolsVersion = 16.2;
						TestTargetID = DFFD0B072D97B84100202596;
					};
					DFFD0B222D97B84200202596 = {
						CreatedOnToolsVersion = 16.2;
						TestTargetID = DFFD0B072D97B84100202596;
					};
				};
			};
			buildConfigurationList = DFFD0B032D97B84100202596 /* Build configuration list for PBXProject "BlackAppIOS" */;
			developmentRegion = en;
			hasScannedForEncodings = 0;
			knownRegions = (
				en,
				Base,
			);
			mainGroup = DFFD0AFF2D97B84100202596;
			minimizedProjectReferenceProxies = 1;
			packageReferences = (
				DFB17B792D99ADD700EC3168 /* XCRemoteSwiftPackageReference "FeedKit" */,
				DF3D08BA2D9B302900674B8E /* XCRemoteSwiftPackageReference "firebase-ios-sdk" */,
				DF3D08C52D9BA0E000674B8E /* XCRemoteSwiftPackageReference "GoogleSignIn-iOS" */,
				DF2C69202D9E3DA8006B738D /* XCRemoteSwiftPackageReference "braintree_ios" */,
				DF6B9A472DADAE7200C228A2 /* XCRemoteSwiftPackageReference "SDWebImageSwiftUI" */,
				4DC652C62DC48F6C00647786 /* XCRemoteSwiftPackageReference "FontAwesome" */,
			);
			preferredProjectObjectVersion = 77;
			productRefGroup = DFFD0B092D97B84100202596 /* Products */;
			projectDirPath = "";
			projectRoot = "";
			targets = (
				DFFD0B072D97B84100202596 /* BlackAppIOS */,
				DFFD0B182D97B84200202596 /* BlackAppIOSTests */,
				DFFD0B222D97B84200202596 /* BlackAppIOSUITests */,
			);
		};
/* End PBXProject section */

/* Begin PBXResourcesBuildPhase section */
		DFFD0B062D97B84100202596 /* Resources */ = {
			isa = PBXResourcesBuildPhase;
			buildActionMask = 2147483647;
			files = (
			);
			runOnlyForDeploymentPostprocessing = 0;
		};
		DFFD0B172D97B84200202596 /* Resources */ = {
			isa = PBXResourcesBuildPhase;
			buildActionMask = 2147483647;
			files = (
			);
			runOnlyForDeploymentPostprocessing = 0;
		};
		DFFD0B212D97B84200202596 /* Resources */ = {
			isa = PBXResourcesBuildPhase;
			buildActionMask = 2147483647;
			files = (
			);
			runOnlyForDeploymentPostprocessing = 0;
		};
/* End PBXResourcesBuildPhase section */

/* Begin PBXSourcesBuildPhase section */
		DFFD0B042D97B84100202596 /* Sources */ = {
			isa = PBXSourcesBuildPhase;
			buildActionMask = 2147483647;
			files = (
			);
			runOnlyForDeploymentPostprocessing = 0;
		};
		DFFD0B152D97B84200202596 /* Sources */ = {
			isa = PBXSourcesBuildPhase;
			buildActionMask = 2147483647;
			files = (
			);
			runOnlyForDeploymentPostprocessing = 0;
		};
		DFFD0B1F2D97B84200202596 /* Sources */ = {
			isa = PBXSourcesBuildPhase;
			buildActionMask = 2147483647;
			files = (
			);
			runOnlyForDeploymentPostprocessing = 0;
		};
/* End PBXSourcesBuildPhase section */

/* Begin PBXTargetDependency section */
		DFFD0B1B2D97B84200202596 /* PBXTargetDependency */ = {
			isa = PBXTargetDependency;
			target = DFFD0B072D97B84100202596 /* BlackAppIOS */;
			targetProxy = DFFD0B1A2D97B84200202596 /* PBXContainerItemProxy */;
		};
		DFFD0B252D97B84200202596 /* PBXTargetDependency */ = {
			isa = PBXTargetDependency;
			target = DFFD0B072D97B84100202596 /* BlackAppIOS */;
			targetProxy = DFFD0B242D97B84200202596 /* PBXContainerItemProxy */;
		};
/* End PBXTargetDependency section */

/* Begin XCBuildConfiguration section */
		DFFD0B2B2D97B84200202596 /* Debug */ = {
			isa = XCBuildConfiguration;
			buildSettings = {
				ALWAYS_SEARCH_USER_PATHS = NO;
				ASSETCATALOG_COMPILER_GENERATE_SWIFT_ASSET_SYMBOL_EXTENSIONS = YES;
				CLANG_ANALYZER_NONNULL = YES;
				CLANG_ANALYZER_NUMBER_OBJECT_CONVERSION = YES_AGGRESSIVE;
				CLANG_CXX_LANGUAGE_STANDARD = "gnu++20";
				CLANG_ENABLE_MODULES = YES;
				CLANG_ENABLE_OBJC_ARC = YES;
				CLANG_ENABLE_OBJC_WEAK = YES;
				CLANG_WARN_BLOCK_CAPTURE_AUTORELEASING = YES;
				CLANG_WARN_BOOL_CONVERSION = YES;
				CLANG_WARN_COMMA = YES;
				CLANG_WARN_CONSTANT_CONVERSION = YES;
				CLANG_WARN_DEPRECATED_OBJC_IMPLEMENTATIONS = YES;
				CLANG_WARN_DIRECT_OBJC_ISA_USAGE = YES_ERROR;
				CLANG_WARN_DOCUMENTATION_COMMENTS = YES;
				CLANG_WARN_EMPTY_BODY = YES;
				CLANG_WARN_ENUM_CONVERSION = YES;
				CLANG_WARN_INFINITE_RECURSION = YES;
				CLANG_WARN_INT_CONVERSION = YES;
				CLANG_WARN_NON_LITERAL_NULL_CONVERSION = YES;
				CLANG_WARN_OBJC_IMPLICIT_RETAIN_SELF = YES;
				CLANG_WARN_OBJC_LITERAL_CONVERSION = YES;
				CLANG_WARN_OBJC_ROOT_CLASS = YES_ERROR;
				CLANG_WARN_QUOTED_INCLUDE_IN_FRAMEWORK_HEADER = YES;
				CLANG_WARN_RANGE_LOOP_ANALYSIS = YES;
				CLANG_WARN_STRICT_PROTOTYPES = YES;
				CLANG_WARN_SUSPICIOUS_MOVE = YES;
				CLANG_WARN_UNGUARDED_AVAILABILITY = YES_AGGRESSIVE;
				CLANG_WARN_UNREACHABLE_CODE = YES;
				CLANG_WARN__DUPLICATE_METHOD_MATCH = YES;
				COPY_PHASE_STRIP = NO;
				DEBUG_INFORMATION_FORMAT = dwarf;
				ENABLE_STRICT_OBJC_MSGSEND = YES;
				ENABLE_TESTABILITY = YES;
				ENABLE_USER_SCRIPT_SANDBOXING = YES;
				GCC_C_LANGUAGE_STANDARD = gnu17;
				GCC_DYNAMIC_NO_PIC = NO;
				GCC_NO_COMMON_BLOCKS = YES;
				GCC_OPTIMIZATION_LEVEL = 0;
				GCC_PREPROCESSOR_DEFINITIONS = (
					"DEBUG=1",
					"$(inherited)",
				);
				GCC_WARN_64_TO_32_BIT_CONVERSION = YES;
				GCC_WARN_ABOUT_RETURN_TYPE = YES_ERROR;
				GCC_WARN_UNDECLARED_SELECTOR = YES;
				GCC_WARN_UNINITIALIZED_AUTOS = YES_AGGRESSIVE;
				GCC_WARN_UNUSED_FUNCTION = YES;
				GCC_WARN_UNUSED_VARIABLE = YES;
				INFOPLIST_FILE = BlackAppIOS/BlackAppIOS/Info.plist;
				LOCALIZATION_PREFERS_STRING_CATALOGS = YES;
				MTL_ENABLE_DEBUG_INFO = INCLUDE_SOURCE;
				MTL_FAST_MATH = YES;
				ONLY_ACTIVE_ARCH = YES;
				SWIFT_ACTIVE_COMPILATION_CONDITIONS = "DEBUG $(inherited)";
				SWIFT_OPTIMIZATION_LEVEL = "-Onone";
			};
			name = Debug;
		};
		DFFD0B2C2D97B84200202596 /* Release */ = {
			isa = XCBuildConfiguration;
			buildSettings = {
				ALWAYS_SEARCH_USER_PATHS = NO;
				ASSETCATALOG_COMPILER_GENERATE_SWIFT_ASSET_SYMBOL_EXTENSIONS = YES;
				CLANG_ANALYZER_NONNULL = YES;
				CLANG_ANALYZER_NUMBER_OBJECT_CONVERSION = YES_AGGRESSIVE;
				CLANG_CXX_LANGUAGE_STANDARD = "gnu++20";
				CLANG_ENABLE_MODULES = YES;
				CLANG_ENABLE_OBJC_ARC = YES;
				CLANG_ENABLE_OBJC_WEAK = YES;
				CLANG_WARN_BLOCK_CAPTURE_AUTORELEASING = YES;
				CLANG_WARN_BOOL_CONVERSION = YES;
				CLANG_WARN_COMMA = YES;
				CLANG_WARN_CONSTANT_CONVERSION = YES;
				CLANG_WARN_DEPRECATED_OBJC_IMPLEMENTATIONS = YES;
				CLANG_WARN_DIRECT_OBJC_ISA_USAGE = YES_ERROR;
				CLANG_WARN_DOCUMENTATION_COMMENTS = YES;
				CLANG_WARN_EMPTY_BODY = YES;
				CLANG_WARN_ENUM_CONVERSION = YES;
				CLANG_WARN_INFINITE_RECURSION = YES;
				CLANG_WARN_INT_CONVERSION = YES;
				CLANG_WARN_NON_LITERAL_NULL_CONVERSION = YES;
				CLANG_WARN_OBJC_IMPLICIT_RETAIN_SELF = YES;
				CLANG_WARN_OBJC_LITERAL_CONVERSION = YES;
				CLANG_WARN_OBJC_ROOT_CLASS = YES_ERROR;
				CLANG_WARN_QUOTED_INCLUDE_IN_FRAMEWORK_HEADER = YES;
				CLANG_WARN_RANGE_LOOP_ANALYSIS = YES;
				CLANG_WARN_STRICT_PROTOTYPES = YES;
				CLANG_WARN_SUSPICIOUS_MOVE = YES;
				CLANG_WARN_UNGUARDED_AVAILABILITY = YES_AGGRESSIVE;
				CLANG_WARN_UNREACHABLE_CODE = YES;
				CLANG_WARN__DUPLICATE_METHOD_MATCH = YES;
				COPY_PHASE_STRIP = NO;
				DEBUG_INFORMATION_FORMAT = "dwarf-with-dsym";
				ENABLE_NS_ASSERTIONS = NO;
				ENABLE_STRICT_OBJC_MSGSEND = YES;
				ENABLE_USER_SCRIPT_SANDBOXING = YES;
				GCC_C_LANGUAGE_STANDARD = gnu17;
				GCC_NO_COMMON_BLOCKS = YES;
				GCC_WARN_64_TO_32_BIT_CONVERSION = YES;
				GCC_WARN_ABOUT_RETURN_TYPE = YES_ERROR;
				GCC_WARN_UNDECLARED_SELECTOR = YES;
				GCC_WARN_UNINITIALIZED_AUTOS = YES_AGGRESSIVE;
				GCC_WARN_UNUSED_FUNCTION = YES;
				GCC_WARN_UNUSED_VARIABLE = YES;
				INFOPLIST_FILE = BlackAppIOS/BlackAppIOS/Info.plist;
				LOCALIZATION_PREFERS_STRING_CATALOGS = YES;
				MTL_ENABLE_DEBUG_INFO = NO;
				MTL_FAST_MATH = YES;
				SWIFT_COMPILATION_MODE = wholemodule;
			};
			name = Release;
		};
		DFFD0B2E2D97B84200202596 /* Debug */ = {
			isa = XCBuildConfiguration;
			buildSettings = {
				ASSETCATALOG_COMPILER_APPICON_NAME = AppIcon;
				ASSETCATALOG_COMPILER_GLOBAL_ACCENT_COLOR_NAME = AccentColor;
				CODE_SIGN_ENTITLEMENTS = BlackAppIOS/BlackAppIOS.entitlements;
				CODE_SIGN_IDENTITY = "Apple Development";
				CODE_SIGN_STYLE = Automatic;
				CURRENT_PROJECT_VERSION = 2;
				DEVELOPMENT_ASSET_PATHS = "\"BlackAppIOS/Preview Content\"";
				DEVELOPMENT_TEAM = A7Q8XT75CC;
				ENABLE_HARDENED_RUNTIME = YES;
				ENABLE_PREVIEWS = YES;
				GENERATE_INFOPLIST_FILE = YES;
				INFOPLIST_FILE = BlackAppIOS/Info.plist;
				INFOPLIST_KEY_CFBundleDisplayName = "";
				INFOPLIST_KEY_LSApplicationCategoryType = "";
				"INFOPLIST_KEY_UIApplicationSceneManifest_Generation[sdk=iphoneos*]" = YES;
				"INFOPLIST_KEY_UIApplicationSceneManifest_Generation[sdk=iphonesimulator*]" = YES;
				"INFOPLIST_KEY_UIApplicationSupportsIndirectInputEvents[sdk=iphoneos*]" = YES;
				"INFOPLIST_KEY_UIApplicationSupportsIndirectInputEvents[sdk=iphonesimulator*]" = YES;
				"INFOPLIST_KEY_UILaunchScreen_Generation[sdk=iphoneos*]" = YES;
				"INFOPLIST_KEY_UILaunchScreen_Generation[sdk=iphonesimulator*]" = YES;
				"INFOPLIST_KEY_UIStatusBarStyle[sdk=iphoneos*]" = UIStatusBarStyleDefault;
				"INFOPLIST_KEY_UIStatusBarStyle[sdk=iphonesimulator*]" = UIStatusBarStyleDefault;
				INFOPLIST_KEY_UISupportedInterfaceOrientations_iPad = "UIInterfaceOrientationPortrait UIInterfaceOrientationPortraitUpsideDown UIInterfaceOrientationLandscapeLeft UIInterfaceOrientationLandscapeRight";
				INFOPLIST_KEY_UISupportedInterfaceOrientations_iPhone = "UIInterfaceOrientationPortrait UIInterfaceOrientationLandscapeLeft UIInterfaceOrientationLandscapeRight";
				IPHONEOS_DEPLOYMENT_TARGET = 16.6;
				LD_RUNPATH_SEARCH_PATHS = "@executable_path/Frameworks";
				"LD_RUNPATH_SEARCH_PATHS[sdk=macosx*]" = "@executable_path/../Frameworks";
				MACOSX_DEPLOYMENT_TARGET = 14.7;
				MARKETING_VERSION = 1.0.1;
				PRODUCT_BUNDLE_IDENTIFIER = com.blackapp;
				PRODUCT_NAME = "$(TARGET_NAME)";
				PROVISIONING_PROFILE_SPECIFIER = "";
				SDKROOT = auto;
				SUPPORTED_PLATFORMS = "iphoneos iphonesimulator macosx xros xrsimulator";
				SWIFT_EMIT_LOC_STRINGS = YES;
				SWIFT_VERSION = 5.0;
				TARGETED_DEVICE_FAMILY = "1,2,7";
				XROS_DEPLOYMENT_TARGET = 2.2;
			};
			name = Debug;
		};
		DFFD0B2F2D97B84200202596 /* Release */ = {
			isa = XCBuildConfiguration;
			buildSettings = {
				ASSETCATALOG_COMPILER_APPICON_NAME = AppIcon;
				ASSETCATALOG_COMPILER_GLOBAL_ACCENT_COLOR_NAME = AccentColor;
				CODE_SIGN_ENTITLEMENTS = BlackAppIOS/BlackAppIOS.entitlements;
				CODE_SIGN_IDENTITY = "Apple Development";
				"CODE_SIGN_IDENTITY[sdk=macosx*]" = "Apple Development";
				CODE_SIGN_STYLE = Automatic;
				CURRENT_PROJECT_VERSION = 2;
				DEVELOPMENT_ASSET_PATHS = "\"BlackAppIOS/Preview Content\"";
				DEVELOPMENT_TEAM = A7Q8XT75CC;
				ENABLE_HARDENED_RUNTIME = YES;
				ENABLE_PREVIEWS = YES;
				GENERATE_INFOPLIST_FILE = YES;
				INFOPLIST_FILE = BlackAppIOS/Info.plist;
				INFOPLIST_KEY_CFBundleDisplayName = "";
				INFOPLIST_KEY_LSApplicationCategoryType = "";
				"INFOPLIST_KEY_UIApplicationSceneManifest_Generation[sdk=iphoneos*]" = YES;
				"INFOPLIST_KEY_UIApplicationSceneManifest_Generation[sdk=iphonesimulator*]" = YES;
				"INFOPLIST_KEY_UIApplicationSupportsIndirectInputEvents[sdk=iphoneos*]" = YES;
				"INFOPLIST_KEY_UIApplicationSupportsIndirectInputEvents[sdk=iphonesimulator*]" = YES;
				"INFOPLIST_KEY_UILaunchScreen_Generation[sdk=iphoneos*]" = YES;
				"INFOPLIST_KEY_UILaunchScreen_Generation[sdk=iphonesimulator*]" = YES;
				"INFOPLIST_KEY_UIStatusBarStyle[sdk=iphoneos*]" = UIStatusBarStyleDefault;
				"INFOPLIST_KEY_UIStatusBarStyle[sdk=iphonesimulator*]" = UIStatusBarStyleDefault;
				INFOPLIST_KEY_UISupportedInterfaceOrientations_iPad = "UIInterfaceOrientationPortrait UIInterfaceOrientationPortraitUpsideDown UIInterfaceOrientationLandscapeLeft UIInterfaceOrientationLandscapeRight";
				INFOPLIST_KEY_UISupportedInterfaceOrientations_iPhone = "UIInterfaceOrientationPortrait UIInterfaceOrientationLandscapeLeft UIInterfaceOrientationLandscapeRight";
				IPHONEOS_DEPLOYMENT_TARGET = 16.6;
				LD_RUNPATH_SEARCH_PATHS = "@executable_path/Frameworks";
				"LD_RUNPATH_SEARCH_PATHS[sdk=macosx*]" = "@executable_path/../Frameworks";
				MACOSX_DEPLOYMENT_TARGET = 14.7;
				MARKETING_VERSION = 1.0.1;
				PRODUCT_BUNDLE_IDENTIFIER = com.blackapp;
				PRODUCT_NAME = "$(TARGET_NAME)";
				SDKROOT = auto;
				SUPPORTED_PLATFORMS = "iphoneos iphonesimulator macosx xros xrsimulator";
				SWIFT_EMIT_LOC_STRINGS = YES;
				SWIFT_VERSION = 5.0;
				TARGETED_DEVICE_FAMILY = "1,2,7";
				XROS_DEPLOYMENT_TARGET = 2.2;
			};
			name = Release;
		};
		DFFD0B312D97B84200202596 /* Debug */ = {
			isa = XCBuildConfiguration;
			buildSettings = {
				BUNDLE_LOADER = "$(TEST_HOST)";
				CODE_SIGN_STYLE = Automatic;
				CURRENT_PROJECT_VERSION = 1;
				DEVELOPMENT_TEAM = A7Q8XT75CC;
				GENERATE_INFOPLIST_FILE = YES;
				IPHONEOS_DEPLOYMENT_TARGET = 18.2;
				MACOSX_DEPLOYMENT_TARGET = 14.7;
				MARKETING_VERSION = 1.0;
				PRODUCT_BUNDLE_IDENTIFIER = "AG-Global.BlackAppIOSTests";
				PRODUCT_NAME = "$(TARGET_NAME)";
				SDKROOT = auto;
				SUPPORTED_PLATFORMS = "iphoneos iphonesimulator macosx xros xrsimulator";
				SWIFT_EMIT_LOC_STRINGS = NO;
				SWIFT_VERSION = 5.0;
				TARGETED_DEVICE_FAMILY = "1,2,7";
				TEST_HOST = "$(BUILT_PRODUCTS_DIR)/BlackAppIOS.app/$(BUNDLE_EXECUTABLE_FOLDER_PATH)/BlackAppIOS";
				XROS_DEPLOYMENT_TARGET = 2.2;
			};
			name = Debug;
		};
		DFFD0B322D97B84200202596 /* Release */ = {
			isa = XCBuildConfiguration;
			buildSettings = {
				BUNDLE_LOADER = "$(TEST_HOST)";
				CODE_SIGN_STYLE = Automatic;
				CURRENT_PROJECT_VERSION = 1;
				DEVELOPMENT_TEAM = A7Q8XT75CC;
				GENERATE_INFOPLIST_FILE = YES;
				IPHONEOS_DEPLOYMENT_TARGET = 18.2;
				MACOSX_DEPLOYMENT_TARGET = 14.7;
				MARKETING_VERSION = 1.0;
				PRODUCT_BUNDLE_IDENTIFIER = "AG-Global.BlackAppIOSTests";
				PRODUCT_NAME = "$(TARGET_NAME)";
				SDKROOT = auto;
				SUPPORTED_PLATFORMS = "iphoneos iphonesimulator macosx xros xrsimulator";
				SWIFT_EMIT_LOC_STRINGS = NO;
				SWIFT_VERSION = 5.0;
				TARGETED_DEVICE_FAMILY = "1,2,7";
				TEST_HOST = "$(BUILT_PRODUCTS_DIR)/BlackAppIOS.app/$(BUNDLE_EXECUTABLE_FOLDER_PATH)/BlackAppIOS";
				XROS_DEPLOYMENT_TARGET = 2.2;
			};
			name = Release;
		};
		DFFD0B342D97B84200202596 /* Debug */ = {
			isa = XCBuildConfiguration;
			buildSettings = {
				CODE_SIGN_STYLE = Automatic;
				CURRENT_PROJECT_VERSION = 1;
				DEVELOPMENT_TEAM = A7Q8XT75CC;
				GENERATE_INFOPLIST_FILE = YES;
				IPHONEOS_DEPLOYMENT_TARGET = 18.2;
				MACOSX_DEPLOYMENT_TARGET = 14.7;
				MARKETING_VERSION = 1.0;
				PRODUCT_BUNDLE_IDENTIFIER = "AG-Global.BlackAppIOSUITests";
				PRODUCT_NAME = "$(TARGET_NAME)";
				SDKROOT = auto;
				SUPPORTED_PLATFORMS = "iphoneos iphonesimulator macosx xros xrsimulator";
				SWIFT_EMIT_LOC_STRINGS = NO;
				SWIFT_VERSION = 5.0;
				TARGETED_DEVICE_FAMILY = "1,2,7";
				TEST_TARGET_NAME = BlackAppIOS;
				XROS_DEPLOYMENT_TARGET = 2.2;
			};
			name = Debug;
		};
		DFFD0B352D97B84200202596 /* Release */ = {
			isa = XCBuildConfiguration;
			buildSettings = {
				CODE_SIGN_STYLE = Automatic;
				CURRENT_PROJECT_VERSION = 1;
				DEVELOPMENT_TEAM = A7Q8XT75CC;
				GENERATE_INFOPLIST_FILE = YES;
				IPHONEOS_DEPLOYMENT_TARGET = 18.2;
				MACOSX_DEPLOYMENT_TARGET = 14.7;
				MARKETING_VERSION = 1.0;
				PRODUCT_BUNDLE_IDENTIFIER = "AG-Global.BlackAppIOSUITests";
				PRODUCT_NAME = "$(TARGET_NAME)";
				SDKROOT = auto;
				SUPPORTED_PLATFORMS = "iphoneos iphonesimulator macosx xros xrsimulator";
				SWIFT_EMIT_LOC_STRINGS = NO;
				SWIFT_VERSION = 5.0;
				TARGETED_DEVICE_FAMILY = "1,2,7";
				TEST_TARGET_NAME = BlackAppIOS;
				XROS_DEPLOYMENT_TARGET = 2.2;
			};
			name = Release;
		};
/* End XCBuildConfiguration section */

/* Begin XCConfigurationList section */
		DFFD0B032D97B84100202596 /* Build configuration list for PBXProject "BlackAppIOS" */ = {
			isa = XCConfigurationList;
			buildConfigurations = (
				DFFD0B2B2D97B84200202596 /* Debug */,
				DFFD0B2C2D97B84200202596 /* Release */,
			);
			defaultConfigurationIsVisible = 0;
			defaultConfigurationName = Release;
		};
		DFFD0B2D2D97B84200202596 /* Build configuration list for PBXNativeTarget "BlackAppIOS" */ = {
			isa = XCConfigurationList;
			buildConfigurations = (
				DFFD0B2E2D97B84200202596 /* Debug */,
				DFFD0B2F2D97B84200202596 /* Release */,
			);
			defaultConfigurationIsVisible = 0;
			defaultConfigurationName = Release;
		};
		DFFD0B302D97B84200202596 /* Build configuration list for PBXNativeTarget "BlackAppIOSTests" */ = {
			isa = XCConfigurationList;
			buildConfigurations = (
				DFFD0B312D97B84200202596 /* Debug */,
				DFFD0B322D97B84200202596 /* Release */,
			);
			defaultConfigurationIsVisible = 0;
			defaultConfigurationName = Release;
		};
		DFFD0B332D97B84200202596 /* Build configuration list for PBXNativeTarget "BlackAppIOSUITests" */ = {
			isa = XCConfigurationList;
			buildConfigurations = (
				DFFD0B342D97B84200202596 /* Debug */,
				DFFD0B352D97B84200202596 /* Release */,
			);
			defaultConfigurationIsVisible = 0;
			defaultConfigurationName = Release;
		};
/* End XCConfigurationList section */

/* Begin XCRemoteSwiftPackageReference section */
		4DC652C62DC48F6C00647786 /* XCRemoteSwiftPackageReference "FontAwesome" */ = {
			isa = XCRemoteSwiftPackageReference;
			repositoryURL = "https://github.com/thii/FontAwesome.swift";
			requirement = {
				kind = upToNextMajorVersion;
				minimumVersion = 1.9.1;
			};
		};
		DF2C69202D9E3DA8006B738D /* XCRemoteSwiftPackageReference "braintree_ios" */ = {
			isa = XCRemoteSwiftPackageReference;
			repositoryURL = "https://github.com/braintree/braintree_ios";
			requirement = {
				kind = upToNextMajorVersion;
				minimumVersion = 6.30.0;
			};
		};
		DF3D08BA2D9B302900674B8E /* XCRemoteSwiftPackageReference "firebase-ios-sdk" */ = {
			isa = XCRemoteSwiftPackageReference;
			repositoryURL = "https://github.com/firebase/firebase-ios-sdk";
			requirement = {
				kind = upToNextMajorVersion;
				minimumVersion = 11.11.0;
			};
		};
		DF3D08C52D9BA0E000674B8E /* XCRemoteSwiftPackageReference "GoogleSignIn-iOS" */ = {
			isa = XCRemoteSwiftPackageReference;
			repositoryURL = "https://github.com/google/GoogleSignIn-iOS";
			requirement = {
				kind = upToNextMajorVersion;
				minimumVersion = 8.0.0;
			};
		};
		DF6B9A472DADAE7200C228A2 /* XCRemoteSwiftPackageReference "SDWebImageSwiftUI" */ = {
			isa = XCRemoteSwiftPackageReference;
			repositoryURL = "https://github.com/SDWebImage/SDWebImageSwiftUI";
			requirement = {
				kind = upToNextMajorVersion;
				minimumVersion = 3.1.3;
			};
		};
		DFB17B792D99ADD700EC3168 /* XCRemoteSwiftPackageReference "FeedKit" */ = {
			isa = XCRemoteSwiftPackageReference;
			repositoryURL = "https://github.com/nmdias/FeedKit";
			requirement = {
				kind = upToNextMajorVersion;
				minimumVersion = 9.1.2;
			};
		};
/* End XCRemoteSwiftPackageReference section */

/* Begin XCSwiftPackageProductDependency section */
		4DC652C72DC48F6C00647786 /* FontAwesome */ = {
			isa = XCSwiftPackageProductDependency;
			package = 4DC652C62DC48F6C00647786 /* XCRemoteSwiftPackageReference "FontAwesome" */;
			productName = FontAwesome;
		};
		4DC652C92DC48F6C00647786 /* tools */ = {
			isa = XCSwiftPackageProductDependency;
			package = 4DC652C62DC48F6C00647786 /* XCRemoteSwiftPackageReference "FontAwesome" */;
			productName = tools;
		};
		DF2C69212D9E3DA8006B738D /* BraintreeApplePay */ = {
			isa = XCSwiftPackageProductDependency;
			package = DF2C69202D9E3DA8006B738D /* XCRemoteSwiftPackageReference "braintree_ios" */;
			productName = BraintreeApplePay;
		};
		DF2C69232D9E3DA8006B738D /* BraintreePayPal */ = {
			isa = XCSwiftPackageProductDependency;
			package = DF2C69202D9E3DA8006B738D /* XCRemoteSwiftPackageReference "braintree_ios" */;
			productName = BraintreePayPal;
		};
		DF2C69272D9E52D4006B738D /* BraintreeVenmo */ = {
			isa = XCSwiftPackageProductDependency;
			package = DF2C69202D9E3DA8006B738D /* XCRemoteSwiftPackageReference "braintree_ios" */;
			productName = BraintreeVenmo;
		};
		DF2C69292D9E543D006B738D /* BraintreeCore */ = {
			isa = XCSwiftPackageProductDependency;
			package = DF2C69202D9E3DA8006B738D /* XCRemoteSwiftPackageReference "braintree_ios" */;
			productName = BraintreeCore;
		};
		DF2C692B2D9E5915006B738D /* BraintreeDataCollector */ = {
			isa = XCSwiftPackageProductDependency;
			package = DF2C69202D9E3DA8006B738D /* XCRemoteSwiftPackageReference "braintree_ios" */;
			productName = BraintreeDataCollector;
		};
		DF2C695D2D9ED959006B738D /* BraintreeAmericanExpress */ = {
			isa = XCSwiftPackageProductDependency;
			package = DF2C69202D9E3DA8006B738D /* XCRemoteSwiftPackageReference "braintree_ios" */;
			productName = BraintreeAmericanExpress;
		};
		DF2C695F2D9ED959006B738D /* BraintreeCard */ = {
			isa = XCSwiftPackageProductDependency;
			package = DF2C69202D9E3DA8006B738D /* XCRemoteSwiftPackageReference "braintree_ios" */;
			productName = BraintreeCard;
		};
		DF3D08BB2D9B7BF500674B8E /* FirebaseCore */ = {
			isa = XCSwiftPackageProductDependency;
			package = DF3D08BA2D9B302900674B8E /* XCRemoteSwiftPackageReference "firebase-ios-sdk" */;
			productName = FirebaseCore;
		};
		DF3D08BD2D9B7BF500674B8E /* FirebaseFirestore */ = {
			isa = XCSwiftPackageProductDependency;
			package = DF3D08BA2D9B302900674B8E /* XCRemoteSwiftPackageReference "firebase-ios-sdk" */;
			productName = FirebaseFirestore;
		};
		DF3D08BF2D9B7BF500674B8E /* FirebaseStorage */ = {
			isa = XCSwiftPackageProductDependency;
			package = DF3D08BA2D9B302900674B8E /* XCRemoteSwiftPackageReference "firebase-ios-sdk" */;
			productName = FirebaseStorage;
		};
		DF3D08C12D9B88D600674B8E /* FirebaseDatabase */ = {
			isa = XCSwiftPackageProductDependency;
			package = DF3D08BA2D9B302900674B8E /* XCRemoteSwiftPackageReference "firebase-ios-sdk" */;
			productName = FirebaseDatabase;
		};
		DF3D08C32D9B9EB900674B8E /* FirebaseAuth */ = {
			isa = XCSwiftPackageProductDependency;
			package = DF3D08BA2D9B302900674B8E /* XCRemoteSwiftPackageReference "firebase-ios-sdk" */;
			productName = FirebaseAuth;
		};
		DF3D08C62D9BA0E000674B8E /* GoogleSignIn */ = {
			isa = XCSwiftPackageProductDependency;
			package = DF3D08C52D9BA0E000674B8E /* XCRemoteSwiftPackageReference "GoogleSignIn-iOS" */;
			productName = GoogleSignIn;
		};
		DF3D08C82D9BA0E000674B8E /* GoogleSignInSwift */ = {
			isa = XCSwiftPackageProductDependency;
			package = DF3D08C52D9BA0E000674B8E /* XCRemoteSwiftPackageReference "GoogleSignIn-iOS" */;
			productName = GoogleSignInSwift;
		};
		DF6B9A482DADAE7200C228A2 /* SDWebImageSwiftUI */ = {
			isa = XCSwiftPackageProductDependency;
			package = DF6B9A472DADAE7200C228A2 /* XCRemoteSwiftPackageReference "SDWebImageSwiftUI" */;
			productName = SDWebImageSwiftUI;
		};
		DFB17B7A2D99ADD700EC3168 /* FeedKit */ = {
			isa = XCSwiftPackageProductDependency;
			package = DFB17B792D99ADD700EC3168 /* XCRemoteSwiftPackageReference "FeedKit" */;
			productName = FeedKit;
		};
/* End XCSwiftPackageProductDependency section */
	};
	rootObject = DFFD0B002D97B84100202596 /* Project object */;
}
